{
  "requires": true,
  "lockfileVersion": 1,
  "dependencies": {
    "primeflex": {
      "version": "2.0.0",
      "resolved": "https://registry.npmjs.org/primeflex/-/primeflex-2.0.0.tgz",
      "integrity": "sha512-t6AG3iRI1rh04uI+9nC4JSlbKfA8PnpRDFtjyqi3rDSLRgdfOuhIiunJbjVQ4alnnCfuQAAbVyde1AKN9QxT/w=="
    },
    "primeicons": {
      "version": "4.0.0",
      "resolved": "https://registry.npmjs.org/primeicons/-/primeicons-4.0.0.tgz",
      "integrity": "sha512-JQBIswGSItn8I0Pq21RchENpKJxSi1MjfBDfggMQpXtoKNKblJoHmol/7tCV3CAV2Dlb94ht8TD8qdIAW01pGg=="
    },
    "primeng": {
      "version": "10.0.3",
      "resolved": "https://registry.npmjs.org/primeng/-/primeng-10.0.3.tgz",
      "integrity": "sha512-Nsiwpmy3RlFPBlxabdzeAYxFn4fXEyZjj7iAi1X5J4RRGD7NoB67+NbnOInE1rXTnNVHYxCca91OvaNiHSWWrg==",
      "requires": {
        "tslib": "^2.0.0"
      }
    },
    "tslib": {
      "version": "2.0.3",
      "resolved": "https://registry.npmjs.org/tslib/-/tslib-2.0.3.tgz",
      "integrity": "sha512-uZtkfKblCEQtZKBF6EBXVZeQNl82yqtDQdv+eck8u7tdPxjLu2/lp5/uPW+um2tpuxINHWy3GhiccY7QgEaVHQ=="
    }
  }
}
